// !$*UTF8*$!
{
	archiveVersion = 1;
	classes = {
	};
	objectVersion = 46;
	objects = {

/* Begin PBXBuildFile section */
		A4ACDD932023B7D70007FE8F /* AppDelegate.swift in Sources */ = {isa = PBXBuildFile; fileRef = A4ACDD922023B7D70007FE8F /* AppDelegate.swift */; };
		A4ACDD952023B7D70007FE8F /* ViewController.swift in Sources */ = {isa = PBXBuildFile; fileRef = A4ACDD942023B7D70007FE8F /* ViewController.swift */; };
		A4ACDD982023B7D70007FE8F /* Main.storyboard in Resources */ = {isa = PBXBuildFile; fileRef = A4ACDD962023B7D70007FE8F /* Main.storyboard */; };
		A4ACDD9A2023B7D70007FE8F /* Assets.xcassets in Resources */ = {isa = PBXBuildFile; fileRef = A4ACDD992023B7D70007FE8F /* Assets.xcassets */; };
		A4ACDD9D2023B7D70007FE8F /* LaunchScreen.storyboard in Resources */ = {isa = PBXBuildFile; fileRef = A4ACDD9B2023B7D70007FE8F /* LaunchScreen.storyboard */; };
		A4ACDDA72023B8E70007FE8F /* VBPlayer.a in Frameworks */ = {isa = PBXBuildFile; fileRef = A4ACDDA52023B8E70007FE8F /* VBPlayer.a */; };
		A4ACDDAB2023B9730007FE8F /* AVFoundation.framework in Frameworks */ = {isa = PBXBuildFile; fileRef = A4ACDDA92023B9730007FE8F /* AVFoundation.framework */; };
		A4ACDDAC2023B9730007FE8F /* Foundation.framework in Frameworks */ = {isa = PBXBuildFile; fileRef = A4ACDDAA2023B9730007FE8F /* Foundation.framework */; };
		A4ACDDAE2023B9800007FE8F /* VideoToolbox.framework in Frameworks */ = {isa = PBXBuildFile; fileRef = A4ACDDAD2023B9800007FE8F /* VideoToolbox.framework */; };
		A4ACDDB02023B9870007FE8F /* CoreGraphics.framework in Frameworks */ = {isa = PBXBuildFile; fileRef = A4ACDDAF2023B9870007FE8F /* CoreGraphics.framework */; };
		A4ACDDB22023B9950007FE8F /* CoreMedia.framework in Frameworks */ = {isa = PBXBuildFile; fileRef = A4ACDDB12023B9950007FE8F /* CoreMedia.framework */; };
		A4ACDDB72023BC770007FE8F /* PlayerView.m in Sources */ = {isa = PBXBuildFile; fileRef = A4ACDDB62023BC770007FE8F /* PlayerView.m */; };
/* End PBXBuildFile section */

/* Begin PBXFileReference section */
		A4ACDD8F2023B7D70007FE8F /* ViBlast Test Swift.app */ = {isa = PBXFileReference; explicitFileType = wrapper.application; includeInIndex = 0; path = "ViBlast Test Swift.app"; sourceTree = BUILT_PRODUCTS_DIR; };
		A4ACDD922023B7D70007FE8F /* AppDelegate.swift */ = {isa = PBXFileReference; lastKnownFileType = sourcecode.swift; path = AppDelegate.swift; sourceTree = "<group>"; };
		A4ACDD942023B7D70007FE8F /* ViewController.swift */ = {isa = PBXFileReference; lastKnownFileType = sourcecode.swift; path = ViewController.swift; sourceTree = "<group>"; };
		A4ACDD972023B7D70007FE8F /* Base */ = {isa = PBXFileReference; lastKnownFileType = file.storyboard; name = Base; path = Base.lproj/Main.storyboard; sourceTree = "<group>"; };
		A4ACDD992023B7D70007FE8F /* Assets.xcassets */ = {isa = PBXFileReference; lastKnownFileType = folder.assetcatalog; path = Assets.xcassets; sourceTree = "<group>"; };
		A4ACDD9C2023B7D70007FE8F /* Base */ = {isa = PBXFileReference; lastKnownFileType = file.storyboard; name = Base; path = Base.lproj/LaunchScreen.storyboard; sourceTree = "<group>"; };
		A4ACDD9E2023B7D70007FE8F /* Info.plist */ = {isa = PBXFileReference; lastKnownFileType = text.plist.xml; path = Info.plist; sourceTree = "<group>"; };
		A4ACDDA42023B8E70007FE8F /* VBDisplayLayer.h */ = {isa = PBXFileReference; fileEncoding = 4; lastKnownFileType = sourcecode.c.h; path = VBDisplayLayer.h; sourceTree = "<group>"; };
		A4ACDDA52023B8E70007FE8F /* VBPlayer.a */ = {isa = PBXFileReference; lastKnownFileType = archive.ar; path = VBPlayer.a; sourceTree = "<group>"; };
		A4ACDDA62023B8E70007FE8F /* VBPlayer.h */ = {isa = PBXFileReference; fileEncoding = 4; lastKnownFileType = sourcecode.c.h; path = VBPlayer.h; sourceTree = "<group>"; };
		A4ACDDA92023B9730007FE8F /* AVFoundation.framework */ = {isa = PBXFileReference; lastKnownFileType = wrapper.framework; name = AVFoundation.framework; path = System/Library/Frameworks/AVFoundation.framework; sourceTree = SDKROOT; };
		A4ACDDAA2023B9730007FE8F /* Foundation.framework */ = {isa = PBXFileReference; lastKnownFileType = wrapper.framework; name = Foundation.framework; path = System/Library/Frameworks/Foundation.framework; sourceTree = SDKROOT; };
		A4ACDDAD2023B9800007FE8F /* VideoToolbox.framework */ = {isa = PBXFileReference; lastKnownFileType = wrapper.framework; name = VideoToolbox.framework; path = System/Library/Frameworks/VideoToolbox.framework; sourceTree = SDKROOT; };
		A4ACDDAF2023B9870007FE8F /* CoreGraphics.framework */ = {isa = PBXFileReference; lastKnownFileType = wrapper.framework; name = CoreGraphics.framework; path = System/Library/Frameworks/CoreGraphics.framework; sourceTree = SDKROOT; };
		A4ACDDB12023B9950007FE8F /* CoreMedia.framework */ = {isa = PBXFileReference; lastKnownFileType = wrapper.framework; name = CoreMedia.framework; path = System/Library/Frameworks/CoreMedia.framework; sourceTree = SDKROOT; };
		A4ACDDB42023BC760007FE8F /* ViBlast Test Swing-Bridging-Header.h */ = {isa = PBXFileReference; lastKnownFileType = sourcecode.c.h; path = "ViBlast Test Swing-Bridging-Header.h"; sourceTree = "<group>"; };
		A4ACDDB52023BC770007FE8F /* PlayerView.h */ = {isa = PBXFileReference; fileEncoding = 4; lastKnownFileType = sourcecode.c.h; path = PlayerView.h; sourceTree = "<group>"; };
		A4ACDDB62023BC770007FE8F /* PlayerView.m */ = {isa = PBXFileReference; fileEncoding = 4; lastKnownFileType = sourcecode.c.objc; path = PlayerView.m; sourceTree = "<group>"; };
/* End PBXFileReference section */

/* Begin PBXFrameworksBuildPhase section */
		A4ACDD8C2023B7D70007FE8F /* Frameworks */ = {
			isa = PBXFrameworksBuildPhase;
			buildActionMask = 2147483647;
			files = (
				A4ACDDB22023B9950007FE8F /* CoreMedia.framework in Frameworks */,
				A4ACDDB02023B9870007FE8F /* CoreGraphics.framework in Frameworks */,
				A4ACDDAE2023B9800007FE8F /* VideoToolbox.framework in Frameworks */,
				A4ACDDAB2023B9730007FE8F /* AVFoundation.framework in Frameworks */,
				A4ACDDAC2023B9730007FE8F /* Foundation.framework in Frameworks */,
				A4ACDDA72023B8E70007FE8F /* VBPlayer.a in Frameworks */,
			);
			runOnlyForDeploymentPostprocessing = 0;
		};
/* End PBXFrameworksBuildPhase section */

/* Begin PBXGroup section */
		A4ACDD862023B7D70007FE8F = {
			isa = PBXGroup;
			children = (
				A4ACDD912023B7D70007FE8F /* ViBlast Test Swift */,
				A4ACDD902023B7D70007FE8F /* Products */,
				A4ACDDA82023B9720007FE8F /* Frameworks */,
			);
			sourceTree = "<group>";
		};
		A4ACDD902023B7D70007FE8F /* Products */ = {
			isa = PBXGroup;
			children = (
				A4ACDD8F2023B7D70007FE8F /* ViBlast Test Swift.app */,
			);
			name = Products;
			sourceTree = "<group>";
		};
		A4ACDD912023B7D70007FE8F /* ViBlast Test Swift */ = {
			isa = PBXGroup;
			children = (
				A4ACDDB52023BC770007FE8F /* PlayerView.h */,
				A4ACDDB62023BC770007FE8F /* PlayerView.m */,
				A4ACDD922023B7D70007FE8F /* AppDelegate.swift */,
				A4ACDD942023B7D70007FE8F /* ViewController.swift */,
				A4ACDDA42023B8E70007FE8F /* VBDisplayLayer.h */,
				A4ACDDA52023B8E70007FE8F /* VBPlayer.a */,
				A4ACDDA62023B8E70007FE8F /* VBPlayer.h */,
				A4ACDD962023B7D70007FE8F /* Main.storyboard */,
				A4ACDD992023B7D70007FE8F /* Assets.xcassets */,
				A4ACDD9B2023B7D70007FE8F /* LaunchScreen.storyboard */,
				A4ACDD9E2023B7D70007FE8F /* Info.plist */,
				A4ACDDB42023BC760007FE8F /* ViBlast Test Swing-Bridging-Header.h */,
			);
			name = "ViBlast Test Swift";
			path = "ViBlast Test Swing";
			sourceTree = "<group>";
		};
		A4ACDDA82023B9720007FE8F /* Frameworks */ = {
			isa = PBXGroup;
			children = (
				A4ACDDB12023B9950007FE8F /* CoreMedia.framework */,
				A4ACDDAF2023B9870007FE8F /* CoreGraphics.framework */,
				A4ACDDAD2023B9800007FE8F /* VideoToolbox.framework */,
				A4ACDDA92023B9730007FE8F /* AVFoundation.framework */,
				A4ACDDAA2023B9730007FE8F /* Foundation.framework */,
			);
			name = Frameworks;
			sourceTree = "<group>";
		};
/* End PBXGroup section */

/* Begin PBXNativeTarget section */
		A4ACDD8E2023B7D70007FE8F /* ViBlast Test Swift */ = {
			isa = PBXNativeTarget;
			buildConfigurationList = A4ACDDA12023B7D70007FE8F /* Build configuration list for PBXNativeTarget "ViBlast Test Swift" */;
			buildPhases = (
				A4ACDD8B2023B7D70007FE8F /* Sources */,
				A4ACDD8C2023B7D70007FE8F /* Frameworks */,
				A4ACDD8D2023B7D70007FE8F /* Resources */,
			);
			buildRules = (
			);
			dependencies = (
			);
			name = "ViBlast Test Swift";
			productName = "ViBlast Test Swing";
			productReference = A4ACDD8F2023B7D70007FE8F /* ViBlast Test Swift.app */;
			productType = "com.apple.product-type.application";
		};
/* End PBXNativeTarget section */

/* Begin PBXProject section */
		A4ACDD872023B7D70007FE8F /* Project object */ = {
			isa = PBXProject;
			attributes = {
				LastSwiftUpdateCheck = 0800;
				LastUpgradeCheck = 0800;
				ORGANIZATIONNAME = meli;
				TargetAttributes = {
					A4ACDD8E2023B7D70007FE8F = {
						CreatedOnToolsVersion = 8.0;
						DevelopmentTeam = 377973X65B;
						DevelopmentTeamName = "Rodrigo Pelorosso (Personal Team)";
						LastSwiftMigration = 0800;
						ProvisioningStyle = Automatic;
					};
				};
			};
			buildConfigurationList = A4ACDD8A2023B7D70007FE8F /* Build configuration list for PBXProject "ViBlast Test Swift" */;
			compatibilityVersion = "Xcode 3.2";
			developmentRegion = English;
			hasScannedForEncodings = 0;
			knownRegions = (
				en,
				Base,
			);
			mainGroup = A4ACDD862023B7D70007FE8F;
			productRefGroup = A4ACDD902023B7D70007FE8F /* Products */;
			projectDirPath = "";
			projectRoot = "";
			targets = (
				A4ACDD8E2023B7D70007FE8F /* ViBlast Test Swift */,
			);
		};
/* End PBXProject section */

/* Begin PBXResourcesBuildPhase section */
		A4ACDD8D2023B7D70007FE8F /* Resources */ = {
			isa = PBXResourcesBuildPhase;
			buildActionMask = 2147483647;
			files = (
				A4ACDD9D2023B7D70007FE8F /* LaunchScreen.storyboard in Resources */,
				A4ACDD9A2023B7D70007FE8F /* Assets.xcassets in Resources */,
				A4ACDD982023B7D70007FE8F /* Main.storyboard in Resources */,
			);
			runOnlyForDeploymentPostprocessing = 0;
		};
/* End PBXResourcesBuildPhase section */

/* Begin PBXSourcesBuildPhase section */
		A4ACDD8B2023B7D70007FE8F /* Sources */ = {
			isa = PBXSourcesBuildPhase;
			buildActionMask = 2147483647;
			files = (
				A4ACDD952023B7D70007FE8F /* ViewController.swift in Sources */,
				A4ACDDB72023BC770007FE8F /* PlayerView.m in Sources */,
				A4ACDD932023B7D70007FE8F /* AppDelegate.swift in Sources */,
			);
			runOnlyForDeploymentPostprocessing = 0;
		};
/* End PBXSourcesBuildPhase section */

/* Begin PBXVariantGroup section */
		A4ACDD962023B7D70007FE8F /* Main.storyboard */ = {
			isa = PBXVariantGroup;
			children = (
				A4ACDD972023B7D70007FE8F /* Base */,
			);
			name = Main.storyboard;
			sourceTree = "<group>";
		};
		A4ACDD9B2023B7D70007FE8F /* LaunchScreen.storyboard */ = {
			isa = PBXVariantGroup;
			children = (
				A4ACDD9C2023B7D70007FE8F /* Base */,
			);
			name = LaunchScreen.storyboard;
			sourceTree = "<group>";
		};
/* End PBXVariantGroup section */

/* Begin XCBuildConfiguration section */
		A4ACDD9F2023B7D70007FE8F /* Debug */ = {
			isa = XCBuildConfiguration;
			buildSettings = {
				ALWAYS_SEARCH_USER_PATHS = NO;
				CLANG_ANALYZER_NONNULL = YES;
				CLANG_CXX_LANGUAGE_STANDARD = "gnu++0x";
				CLANG_CXX_LIBRARY = "libc++";
				CLANG_ENABLE_MODULES = YES;
				CLANG_ENABLE_OBJC_ARC = YES;
				CLANG_WARN_BOOL_CONVERSION = YES;
				CLANG_WARN_CONSTANT_CONVERSION = YES;
				CLANG_WARN_DIRECT_OBJC_ISA_USAGE = YES_ERROR;
				CLANG_WARN_DOCUMENTATION_COMMENTS = YES;
				CLANG_WARN_EMPTY_BODY = YES;
				CLANG_WARN_ENUM_CONVERSION = YES;
				CLANG_WARN_INT_CONVERSION = YES;
				CLANG_WARN_OBJC_ROOT_CLASS = YES_ERROR;
				CLANG_WARN_UNREACHABLE_CODE = YES;
				CLANG_WARN__DUPLICATE_METHOD_MATCH = YES;
				"CODE_SIGN_IDENTITY[sdk=iphoneos*]" = "iPhone Developer";
				COPY_PHASE_STRIP = NO;
				DEBUG_INFORMATION_FORMAT = dwarf;
				ENABLE_STRICT_OBJC_MSGSEND = YES;
				ENABLE_TESTABILITY = YES;
				GCC_C_LANGUAGE_STANDARD = gnu99;
				GCC_DYNAMIC_NO_PIC = NO;
				GCC_NO_COMMON_BLOCKS = YES;
				GCC_OPTIMIZATION_LEVEL = 0;
				GCC_PREPROCESSOR_DEFINITIONS = (
					"DEBUG=1",
					"$(inherited)",
				);
				GCC_WARN_64_TO_32_BIT_CONVERSION = YES;
				GCC_WARN_ABOUT_RETURN_TYPE = YES_ERROR;
				GCC_WARN_UNDECLARED_SELECTOR = YES;
				GCC_WARN_UNINITIALIZED_AUTOS = YES_AGGRESSIVE;
				GCC_WARN_UNUSED_FUNCTION = YES;
				GCC_WARN_UNUSED_VARIABLE = YES;
				IPHONEOS_DEPLOYMENT_TARGET = 10.0;
				MTL_ENABLE_DEBUG_INFO = YES;
				ONLY_ACTIVE_ARCH = YES;
				SDKROOT = iphoneos;
				SWIFT_ACTIVE_COMPILATION_CONDITIONS = DEBUG;
				SWIFT_OBJC_BRIDGING_HEADER = "ViBlast Test Swing/ViBlastTest-Bridging-Header.h";
				SWIFT_OPTIMIZATION_LEVEL = "-Onone";
				TARGETED_DEVICE_FAMILY = "1,2";
			};
			name = Debug;
		};
		A4ACDDA02023B7D70007FE8F /* Release */ = {
			isa = XCBuildConfiguration;
			buildSettings = {
				ALWAYS_SEARCH_USER_PATHS = NO;
				CLANG_ANALYZER_NONNULL = YES;
				CLANG_CXX_LANGUAGE_STANDARD = "gnu++0x";
				CLANG_CXX_LIBRARY = "libc++";
				CLANG_ENABLE_MODULES = YES;
				CLANG_ENABLE_OBJC_ARC = YES;
				CLANG_WARN_BOOL_CONVERSION = YES;
				CLANG_WARN_CONSTANT_CONVERSION = YES;
				CLANG_WARN_DIRECT_OBJC_ISA_USAGE = YES_ERROR;
				CLANG_WARN_DOCUMENTATION_COMMENTS = YES;
				CLANG_WARN_EMPTY_BODY = YES;
				CLANG_WARN_ENUM_CONVERSION = YES;
				CLANG_WARN_INT_CONVERSION = YES;
				CLANG_WARN_OBJC_ROOT_CLASS = YES_ERROR;
				CLANG_WARN_UNREACHABLE_CODE = YES;
				CLANG_WARN__DUPLICATE_METHOD_MATCH = YES;
				"CODE_SIGN_IDENTITY[sdk=iphoneos*]" = "iPhone Developer";
				COPY_PHASE_STRIP = NO;
				DEBUG_INFORMATION_FORMAT = "dwarf-with-dsym";
				ENABLE_NS_ASSERTIONS = NO;
				ENABLE_STRICT_OBJC_MSGSEND = YES;
				GCC_C_LANGUAGE_STANDARD = gnu99;
				GCC_NO_COMMON_BLOCKS = YES;
				GCC_WARN_64_TO_32_BIT_CONVERSION = YES;
				GCC_WARN_ABOUT_RETURN_TYPE = YES_ERROR;
				GCC_WARN_UNDECLARED_SELECTOR = YES;
				GCC_WARN_UNINITIALIZED_AUTOS = YES_AGGRESSIVE;
				GCC_WARN_UNUSED_FUNCTION = YES;
				GCC_WARN_UNUSED_VARIABLE = YES;
				IPHONEOS_DEPLOYMENT_TARGET = 10.0;
				MTL_ENABLE_DEBUG_INFO = NO;
				SDKROOT = iphoneos;
				SWIFT_OBJC_BRIDGING_HEADER = "ViBlast Test Swing/ViBlastTest-Bridging-Header.h";
				SWIFT_OPTIMIZATION_LEVEL = "-Owholemodule";
				TARGETED_DEVICE_FAMILY = "1,2";
				VALIDATE_PRODUCT = YES;
			};
			name = Release;
		};
		A4ACDDA22023B7D70007FE8F /* Debug */ = {
			isa = XCBuildConfiguration;
			buildSettings = {
				ASSETCATALOG_COMPILER_APPICON_NAME = AppIcon;
				CLANG_ENABLE_MODULES = YES;
				INFOPLIST_FILE = "ViBlast Test Swing/Info.plist";
				LD_RUNPATH_SEARCH_PATHS = "$(inherited) @executable_path/Frameworks";
				LIBRARY_SEARCH_PATHS = (
					"$(inherited)",
					"$(PROJECT_DIR)/ViBlast\\ Test\\ Swing",
				);
				"OTHER_LDFLAGS[arch=*]" = (
					"-lstdc++",
					"-ObjC",
				);
				PRODUCT_BUNDLE_IDENTIFIER = "meli.ViBlast-Test-Swing";
				PRODUCT_NAME = "$(TARGET_NAME)";
				SWIFT_OBJC_BRIDGING_HEADER = "ViBlast Test Swing/ViBlast Test Swing-Bridging-Header.h";
				SWIFT_OPTIMIZATION_LEVEL = "-Onone";
				SWIFT_VERSION = 3.0;
			};
			name = Debug;
		};
		A4ACDDA32023B7D70007FE8F /* Release */ = {
			isa = XCBuildConfiguration;
			buildSettings = {
				ASSETCATALOG_COMPILER_APPICON_NAME = AppIcon;
				CLANG_ENABLE_MODULES = YES;
				INFOPLIST_FILE = "ViBlast Test Swing/Info.plist";
				LD_RUNPATH_SEARCH_PATHS = "$(inherited) @executable_path/Frameworks";
				LIBRARY_SEARCH_PATHS = (
					"$(inherited)",
					"$(PROJECT_DIR)/ViBlast\\ Test\\ Swing",
				);
				"OTHER_LDFLAGS[arch=*]" = (
					"-lstdc++",
					"-ObjC",
				);
				PRODUCT_BUNDLE_IDENTIFIER = "meli.ViBlast-Test-Swing";
				PRODUCT_NAME = "$(TARGET_NAME)";
				SWIFT_OBJC_BRIDGING_HEADER = "ViBlast Test Swing/ViBlast Test Swing-Bridging-Header.h";
				SWIFT_VERSION = 3.0;
			};
			name = Release;
		};
/* End XCBuildConfiguration section */

/* Begin XCConfigurationList section */
		A4ACDD8A2023B7D70007FE8F /* Build configuration list for PBXProject "ViBlast Test Swift" */ = {
			isa = XCConfigurationList;
			buildConfigurations = (
				A4ACDD9F2023B7D70007FE8F /* Debug */,
				A4ACDDA02023B7D70007FE8F /* Release */,
			);
			defaultConfigurationIsVisible = 0;
			defaultConfigurationName = Release;
		};
		A4ACDDA12023B7D70007FE8F /* Build configuration list for PBXNativeTarget "ViBlast Test Swift" */ = {
			isa = XCConfigurationList;
			buildConfigurations = (
				A4ACDDA22023B7D70007FE8F /* Debug */,
				A4ACDDA32023B7D70007FE8F /* Release */,
			);
			defaultConfigurationIsVisible = 0;
		};
/* End XCConfigurationList section */
	};
	rootObject = A4ACDD872023B7D70007FE8F /* Project object */;
}
